
Microsoft Visual Studio Solution File, Format Version 12.00
# Visual Studio Version 16
VisualStudioVersion = 16.0.32413.511
MinimumVisualStudioVersion = 10.0.40219.1
Project("{FAE04EC0-301F-11D3-BF4B-00C04F79EFBC}") = "SILAEV_PRACT_DEDA_5", "SILAEV_PRACT_DEDA_5\SILAEV_PRACT_DEDA_5.csproj", "{D50CD2B7-2F73-422E-8CF2-88D9E82F7084}"
EndProject
Global
	GlobalSection(SolutionConfigurationPlatforms) = preSolution
		Debug|Any CPU = Debug|Any CPU
		Release|Any CPU = Release|Any CPU
	EndGlobalSection
	GlobalSection(ProjectConfigurationPlatforms) = postSolution
		{D50CD2B7-2F73-422E-8CF2-88D9E82F7084}.Debug|Any CPU.ActiveCfg = Debug|Any CPU
		{D50CD2B7-2F73-422E-8CF2-88D9E82F7084}.Debug|Any CPU.Build.0 = Debug|Any CPU
		{D50CD2B7-2F73-422E-8CF2-88D9E82F7084}.Release|Any CPU.ActiveCfg = Release|Any CPU
		{D50CD2B7-2F73-422E-8CF2-88D9E82F7084}.Release|Any CPU.Build.0 = Release|Any CPU
	EndGlobalSection
	GlobalSection(SolutionProperties) = preSolution
		HideSolutionNode = FALSE
	EndGlobalSection
	GlobalSection(ExtensibilityGlobals) = postSolution
		SolutionGuid = {67C8A845-0B9C-4805-9265-5359B23229D8}
	EndGlobalSection
EndGlobal
